Microsoft Visual Studio Solution File, Format Version 12.00
# Visual Studio Version 17
VisualStudioVersion = 17.5.2.0
MinimumVisualStudioVersion = 10.0.40219.1
Project("{FAE04EC0-301F-11D3-BF4B-00C04F79EFBC}") = "ApiGatewayService", "ApiGatewayService\ApiGatewayService.csproj", "{B8DBE834-2E50-A9B7-ED8D-C7E502FB18DD}"
EndProject
Global
	GlobalSection(SolutionConfigurationPlatforms) = preSolution
		Debug|Any CPU = Debug|Any CPU
		Release|Any CPU = Release|Any CPU
	EndGlobalSection
	GlobalSection(ProjectConfigurationPlatforms) = postSolution
		{B8DBE834-2E50-A9B7-ED8D-C7E502FB18DD}.Debug|Any CPU.ActiveCfg = Debug|Any CPU
		{B8DBE834-2E50-A9B7-ED8D-C7E502FB18DD}.Debug|Any CPU.Build.0 = Debug|Any CPU
		{B8DBE834-2E50-A9B7-ED8D-C7E502FB18DD}.Release|Any CPU.ActiveCfg = Release|Any CPU
		{B8DBE834-2E50-A9B7-ED8D-C7E502FB18DD}.Release|Any CPU.Build.0 = Release|Any CPU
	EndGlobalSection
	GlobalSection(SolutionProperties) = preSolution
		HideSolutionNode = FALSE
	EndGlobalSection
	GlobalSection(ExtensibilityGlobals) = postSolution
		SolutionGuid = {66833EE9-9DBA-46AF-B845-AE6E207F1BF8}
	EndGlobalSection
EndGlobal
